<?xml version="1.0" encoding="utf-8"?>
<Project ToolsVersion="4.0" xmlns="http://schemas.microsoft.com/developer/msbuild/2003">
  <ItemGroup>
    <Filter Include="소스 파일">
      <UniqueIdentifier>{4FC737F1-C7A5-4376-A066-2A32D752A2FF}</UniqueIdentifier>
      <Extensions>cpp;c;cc;cxx;c++;cppm;ixx;def;odl;idl;hpj;bat;asm;asmx</Extensions>
    </Filter>
    <Filter Include="헤더 파일">
      <UniqueIdentifier>{93995380-89BD-4b04-88EB-625FBE52EBFB}</UniqueIdentifier>
      <Extensions>h;hh;hpp;hxx;h++;hm;inl;inc;ipp;xsd</Extensions>
    </Filter>
    <Filter Include="리소스 파일">
      <UniqueIdentifier>{67DA6AB6-F800-4c08-8B7A-83BB121AAD01}</UniqueIdentifier>
      <Extensions>rc;ico;cur;bmp;dlg;rc2;rct;bin;rgs;gif;jpg;jpeg;jpe;resx;tiff;tif;png;wav;mfcribbon-ms</Extensions>
    </Filter>
    <Filter Include="헤더 파일\Headers">
      <UniqueIdentifier>{5a4e046a-7685-478f-b336-112017d1829c}</UniqueIdentifier>
    </Filter>
    <Filter Include="헤더 파일\Include">
      <UniqueIdentifier>{2bc11833-a5e1-4d28-aff9-197980efa491}</UniqueIdentifier>
    </Filter>
    <Filter Include="소스 파일\00.MainUpdate">
      <UniqueIdentifier>{b522e71c-c557-43cd-b454-42a4fa6978b9}</UniqueIdentifier>
    </Filter>
    <Filter Include="소스 파일\01.GameObject">
      <UniqueIdentifier>{31ecb994-9ff7-4a56-a1c0-fae8e1a97ae8}</UniqueIdentifier>
    </Filter>
    <Filter Include="소스 파일\01.GameObject\Player">
      <UniqueIdentifier>{165f96a2-5763-42cf-87da-ea63372cbf77}</UniqueIdentifier>
    </Filter>
    <Filter Include="소스 파일\01.GameObject\Bullet">
      <UniqueIdentifier>{bf153960-1de0-4d67-87d2-79c608377e45}</UniqueIdentifier>
    </Filter>
    <Filter Include="소스 파일\01.GameObject\Enemy">
      <UniqueIdentifier>{67ca44d3-9697-47c7-b86e-94cf0c5b345a}</UniqueIdentifier>
    </Filter>
    <Filter Include="소스 파일\99.Manager">
      <UniqueIdentifier>{67987ed5-27e2-48f3-b59b-da3b785da261}</UniqueIdentifier>
    </Filter>
    <Filter Include="소스 파일\99.Manager\ObjectManager">
      <UniqueIdentifier>{74ddf622-bc78-42b5-8b89-e953035134b6}</UniqueIdentifier>
    </Filter>
    <Filter Include="소스 파일\99.Manager\CollisionManager">
      <UniqueIdentifier>{96451106-e239-4beb-946d-0d3e2d65bbaf}</UniqueIdentifier>
    </Filter>
    <Filter Include="소스 파일\99.Manager\SceneManager">
      <UniqueIdentifier>{ec35aa1a-ab4e-4d8e-8686-74a31715c222}</UniqueIdentifier>
    </Filter>
    <Filter Include="소스 파일\02.Scene">
      <UniqueIdentifier>{7917fbf1-fbb5-40ff-8d52-9d3b63e87d4a}</UniqueIdentifier>
    </Filter>
    <Filter Include="소스 파일\02.Scene\Menu">
      <UniqueIdentifier>{472bf0ca-04fe-4f38-ae2d-c7291199da7d}</UniqueIdentifier>
    </Filter>
    <Filter Include="소스 파일\02.Scene\Logo">
      <UniqueIdentifier>{e11d4dcb-77ce-4ee2-8e0d-d0456f720bbc}</UniqueIdentifier>
    </Filter>
    <Filter Include="소스 파일\02.Scene\Stage">
      <UniqueIdentifier>{ee91ffa2-f66e-483f-886c-43d35a97f4cb}</UniqueIdentifier>
    </Filter>
    <Filter Include="소스 파일\99.Manager\InputManager">
      <UniqueIdentifier>{acf61e62-5b87-4747-bd43-0eb7598077d9}</UniqueIdentifier>
    </Filter>
    <Filter Include="소스 파일\98.Pattern">
      <UniqueIdentifier>{d47cd9ef-a999-4d4d-baa1-837ba9520670}</UniqueIdentifier>
    </Filter>
    <Filter Include="소스 파일\98.Pattern\Prototype">
      <UniqueIdentifier>{4e62a36c-f6de-48b2-8dda-5e4030d95736}</UniqueIdentifier>
    </Filter>
    <Filter Include="소스 파일\98.Pattern\ObjectPool">
      <UniqueIdentifier>{4e252c56-a1a0-4195-b292-502d599f3c93}</UniqueIdentifier>
    </Filter>
    <Filter Include="소스 파일\99.Manager\Factory">
      <UniqueIdentifier>{f495cc17-1397-4870-a37d-4b4070a140f0}</UniqueIdentifier>
    </Filter>
    <Filter Include="소스 파일\98.Pattern\Bridge">
      <UniqueIdentifier>{36cf3f23-7a01-41d6-9b49-7233940bb5a3}</UniqueIdentifier>
    </Filter>
    <Filter Include="소스 파일\01.GameObject\Bullet\BulletBridge">
      <UniqueIdentifier>{0c87ca11-057c-4dca-93db-911c9a053fed}</UniqueIdentifier>
    </Filter>
    <Filter Include="소스 파일\01.GameObject\Bullet\BulletBridge\NormalBullet">
      <UniqueIdentifier>{9552ae61-eb3a-4b90-8b06-aa20a2d8d37d}</UniqueIdentifier>
    </Filter>
    <Filter Include="소스 파일\01.GameObject\Bullet\BulletBridge\GuideBullet">
      <UniqueIdentifier>{e12810df-eb52-4d13-a5d9-56367e60e04f}</UniqueIdentifier>
    </Filter>
    <Filter Include="소스 파일\01.GameObject\Enemy\EnemyBridge">
      <UniqueIdentifier>{682011f2-f3a3-4d9c-8143-19dd6bb28bb7}</UniqueIdentifier>
    </Filter>
    <Filter Include="소스 파일\99.Manager\Bitmap">
      <UniqueIdentifier>{4daffaf7-1693-4291-99ec-a17402b5ac0c}</UniqueIdentifier>
    </Filter>
    <Filter Include="소스 파일\99.Manager\Bitmap\ImageManager">
      <UniqueIdentifier>{82adcac0-c121-491d-80d2-5413b78007c4}</UniqueIdentifier>
    </Filter>
  </ItemGroup>
  <ItemGroup>
    <ClInclude Include="framework.h">
      <Filter>헤더 파일\Headers</Filter>
    </ClInclude>
    <ClInclude Include="Resource.h">
      <Filter>헤더 파일\Headers</Filter>
    </ClInclude>
    <ClInclude Include="targetver.h">
      <Filter>헤더 파일\Headers</Filter>
    </ClInclude>
    <ClInclude Include="WIN32API_Framework.h">
      <Filter>헤더 파일\Headers</Filter>
    </ClInclude>
    <ClInclude Include="MainUpdate.h">
      <Filter>소스 파일\00.MainUpdate</Filter>
    </ClInclude>
    <ClInclude Include="Define.h">
      <Filter>헤더 파일\Include</Filter>
    </ClInclude>
    <ClInclude Include="Include.h">
      <Filter>헤더 파일\Include</Filter>
    </ClInclude>
    <ClInclude Include="GameObject.h">
      <Filter>소스 파일\01.GameObject</Filter>
    </ClInclude>
    <ClInclude Include="Structs.h">
      <Filter>헤더 파일\Include</Filter>
    </ClInclude>
    <ClInclude Include="Player.h">
      <Filter>소스 파일\01.GameObject\Player</Filter>
    </ClInclude>
    <ClInclude Include="Bullet.h">
      <Filter>소스 파일\01.GameObject\Bullet</Filter>
    </ClInclude>
    <ClInclude Include="Enemy.h">
      <Filter>소스 파일\01.GameObject\Enemy</Filter>
    </ClInclude>
    <ClInclude Include="ObjectManager.h">
      <Filter>소스 파일\99.Manager\ObjectManager</Filter>
    </ClInclude>
    <ClInclude Include="CollisionManager.h">
      <Filter>소스 파일\99.Manager\CollisionManager</Filter>
    </ClInclude>
    <ClInclude Include="SceneManager.h">
      <Filter>소스 파일\99.Manager\SceneManager</Filter>
    </ClInclude>
    <ClInclude Include="Enum.h">
      <Filter>헤더 파일\Include</Filter>
    </ClInclude>
    <ClInclude Include="Scene.h">
      <Filter>소스 파일\02.Scene</Filter>
    </ClInclude>
    <ClInclude Include="Logo.h">
      <Filter>소스 파일\02.Scene\Logo</Filter>
    </ClInclude>
    <ClInclude Include="Menu.h">
      <Filter>소스 파일\02.Scene\Menu</Filter>
    </ClInclude>
    <ClInclude Include="Stage.h">
      <Filter>소스 파일\02.Scene\Stage</Filter>
    </ClInclude>
    <ClInclude Include="InputManager.h">
      <Filter>소스 파일\99.Manager\InputManager</Filter>
    </ClInclude>
    <ClInclude Include="Prototype.h">
      <Filter>소스 파일\98.Pattern\Prototype</Filter>
    </ClInclude>
    <ClInclude Include="ObjectFactory.h">
      <Filter>소스 파일\99.Manager\Factory</Filter>
    </ClInclude>
    <ClInclude Include="ObjectPool.h">
      <Filter>소스 파일\98.Pattern\ObjectPool</Filter>
    </ClInclude>
    <ClInclude Include="Bridge.h">
      <Filter>소스 파일\98.Pattern\Bridge</Filter>
    </ClInclude>
    <ClInclude Include="BulletBridge.h">
      <Filter>소스 파일\01.GameObject\Bullet\BulletBridge</Filter>
    </ClInclude>
    <ClInclude Include="NormalBullet.h">
      <Filter>소스 파일\01.GameObject\Bullet\BulletBridge\NormalBullet</Filter>
    </ClInclude>
    <ClInclude Include="GuideBullet.h">
      <Filter>소스 파일\01.GameObject\Bullet\BulletBridge\GuideBullet</Filter>
    </ClInclude>
    <ClInclude Include="Bitmap.h">
      <Filter>소스 파일\99.Manager\Bitmap</Filter>
    </ClInclude>
    <ClInclude Include="ImageManager.h">
      <Filter>소스 파일\99.Manager\Bitmap\ImageManager</Filter>
    </ClInclude>
  </ItemGroup>
  <ItemGroup>
    <ClCompile Include="WIN32API_Framework.cpp">
      <Filter>소스 파일</Filter>
    </ClCompile>
    <ClCompile Include="MainUpdate.cpp">
      <Filter>소스 파일\00.MainUpdate</Filter>
    </ClCompile>
    <ClCompile Include="GameObject.cpp">
      <Filter>소스 파일\01.GameObject</Filter>
    </ClCompile>
    <ClCompile Include="Player.cpp">
      <Filter>소스 파일\01.GameObject\Player</Filter>
    </ClCompile>
    <ClCompile Include="Bullet.cpp">
      <Filter>소스 파일\01.GameObject\Bullet</Filter>
    </ClCompile>
    <ClCompile Include="Enemy.cpp">
      <Filter>소스 파일\01.GameObject\Enemy</Filter>
    </ClCompile>
    <ClCompile Include="ObjectManager.cpp">
      <Filter>소스 파일\99.Manager\ObjectManager</Filter>
    </ClCompile>
    <ClCompile Include="SceneManager.cpp">
      <Filter>소스 파일\99.Manager\SceneManager</Filter>
    </ClCompile>
    <ClCompile Include="Scene.cpp">
      <Filter>소스 파일\02.Scene</Filter>
    </ClCompile>
    <ClCompile Include="Logo.cpp">
      <Filter>소스 파일\02.Scene\Logo</Filter>
    </ClCompile>
    <ClCompile Include="Menu.cpp">
      <Filter>소스 파일\02.Scene\Menu</Filter>
    </ClCompile>
    <ClCompile Include="Stage.cpp">
      <Filter>소스 파일\02.Scene\Stage</Filter>
    </ClCompile>
    <ClCompile Include="InputManager.cpp">
      <Filter>소스 파일\99.Manager\InputManager</Filter>
    </ClCompile>
    <ClCompile Include="Prototype.cpp">
      <Filter>소스 파일\98.Pattern\Prototype</Filter>
    </ClCompile>
    <ClCompile Include="ObjectPool.cpp">
      <Filter>소스 파일\98.Pattern\ObjectPool</Filter>
    </ClCompile>
    <ClCompile Include="NormalBullet.cpp">
      <Filter>소스 파일\01.GameObject\Bullet\BulletBridge\NormalBullet</Filter>
    </ClCompile>
    <ClCompile Include="GuideBullet.cpp">
      <Filter>소스 파일\01.GameObject\Bullet\BulletBridge\GuideBullet</Filter>
    </ClCompile>
    <ClCompile Include="Bitmap.cpp">
      <Filter>소스 파일\99.Manager\Bitmap</Filter>
    </ClCompile>
    <ClCompile Include="ImageManager.cpp">
      <Filter>소스 파일\99.Manager\Bitmap\ImageManager</Filter>
    </ClCompile>
  </ItemGroup>
  <ItemGroup>
    <ResourceCompile Include="WIN32API_Framework.rc">
      <Filter>리소스 파일</Filter>
    </ResourceCompile>
  </ItemGroup>
  <ItemGroup>
    <Image Include="small.ico">
      <Filter>리소스 파일</Filter>
    </Image>
    <Image Include="WIN32API_Framework.ico">
      <Filter>리소스 파일</Filter>
    </Image>
  </ItemGroup>
</Project>